// !$*UTF8*$!
{
	archiveVersion = 1;
	classes = {
	};
	objectVersion = 50;
	objects = {

/* Begin PBXBuildFile section */
		F8DDE5122178693B00534BB6 /* AppDelegate.swift in Sources */ = {isa = PBXBuildFile; fileRef = F8DDE5112178693B00534BB6 /* AppDelegate.swift */; };
		F8DDE5142178693B00534BB6 /* ViewController.swift in Sources */ = {isa = PBXBuildFile; fileRef = F8DDE5132178693B00534BB6 /* ViewController.swift */; };
		F8DDE5172178693B00534BB6 /* Main.storyboard in Resources */ = {isa = PBXBuildFile; fileRef = F8DDE5152178693B00534BB6 /* Main.storyboard */; };
		F8DDE5192178693D00534BB6 /* Assets.xcassets in Resources */ = {isa = PBXBuildFile; fileRef = F8DDE5182178693D00534BB6 /* Assets.xcassets */; };
		F8DDE51C2178693D00534BB6 /* LaunchScreen.storyboard in Resources */ = {isa = PBXBuildFile; fileRef = F8DDE51A2178693D00534BB6 /* LaunchScreen.storyboard */; };
		F8DDE5272178693D00534BB6 /* DouYuTests.swift in Sources */ = {isa = PBXBuildFile; fileRef = F8DDE5262178693D00534BB6 /* DouYuTests.swift */; };
		F8DDE5322178693D00534BB6 /* DouYuUITests.swift in Sources */ = {isa = PBXBuildFile; fileRef = F8DDE5312178693D00534BB6 /* DouYuUITests.swift */; };
/* End PBXBuildFile section */

/* Begin PBXContainerItemProxy section */
		F8DDE5232178693D00534BB6 /* PBXContainerItemProxy */ = {
			isa = PBXContainerItemProxy;
			containerPortal = F8DDE5062178693B00534BB6 /* Project object */;
			proxyType = 1;
			remoteGlobalIDString = F8DDE50D2178693B00534BB6;
			remoteInfo = DouYu;
		};
		F8DDE52E2178693D00534BB6 /* PBXContainerItemProxy */ = {
			isa = PBXContainerItemProxy;
			containerPortal = F8DDE5062178693B00534BB6 /* Project object */;
			proxyType = 1;
			remoteGlobalIDString = F8DDE50D2178693B00534BB6;
			remoteInfo = DouYu;
		};
/* End PBXContainerItemProxy section */

/* Begin PBXFileReference section */
		F8DDE50E2178693B00534BB6 /* DouYu.app */ = {isa = PBXFileReference; explicitFileType = wrapper.application; includeInIndex = 0; path = DouYu.app; sourceTree = BUILT_PRODUCTS_DIR; };
		F8DDE5112178693B00534BB6 /* AppDelegate.swift */ = {isa = PBXFileReference; lastKnownFileType = sourcecode.swift; path = AppDelegate.swift; sourceTree = "<group>"; };
		F8DDE5132178693B00534BB6 /* ViewController.swift */ = {isa = PBXFileReference; lastKnownFileType = sourcecode.swift; path = ViewController.swift; sourceTree = "<group>"; };
		F8DDE5162178693B00534BB6 /* Base */ = {isa = PBXFileReference; lastKnownFileType = file.storyboard; name = Base; path = Base.lproj/Main.storyboard; sourceTree = "<group>"; };
		F8DDE5182178693D00534BB6 /* Assets.xcassets */ = {isa = PBXFileReference; lastKnownFileType = folder.assetcatalog; path = Assets.xcassets; sourceTree = "<group>"; };
		F8DDE51B2178693D00534BB6 /* Base */ = {isa = PBXFileReference; lastKnownFileType = file.storyboard; name = Base; path = Base.lproj/LaunchScreen.storyboard; sourceTree = "<group>"; };
		F8DDE51D2178693D00534BB6 /* Info.plist */ = {isa = PBXFileReference; lastKnownFileType = text.plist.xml; path = Info.plist; sourceTree = "<group>"; };
		F8DDE5222178693D00534BB6 /* DouYuTests.xctest */ = {isa = PBXFileReference; explicitFileType = wrapper.cfbundle; includeInIndex = 0; path = DouYuTests.xctest; sourceTree = BUILT_PRODUCTS_DIR; };
		F8DDE5262178693D00534BB6 /* DouYuTests.swift */ = {isa = PBXFileReference; lastKnownFileType = sourcecode.swift; path = DouYuTests.swift; sourceTree = "<group>"; };
		F8DDE5282178693D00534BB6 /* Info.plist */ = {isa = PBXFileReference; lastKnownFileType = text.plist.xml; path = Info.plist; sourceTree = "<group>"; };
		F8DDE52D2178693D00534BB6 /* DouYuUITests.xctest */ = {isa = PBXFileReference; explicitFileType = wrapper.cfbundle; includeInIndex = 0; path = DouYuUITests.xctest; sourceTree = BUILT_PRODUCTS_DIR; };
		F8DDE5312178693D00534BB6 /* DouYuUITests.swift */ = {isa = PBXFileReference; lastKnownFileType = sourcecode.swift; path = DouYuUITests.swift; sourceTree = "<group>"; };
		F8DDE5332178693D00534BB6 /* Info.plist */ = {isa = PBXFileReference; lastKnownFileType = text.plist.xml; path = Info.plist; sourceTree = "<group>"; };
/* End PBXFileReference section */

/* Begin PBXFrameworksBuildPhase section */
		F8DDE50B2178693B00534BB6 /* Frameworks */ = {
			isa = PBXFrameworksBuildPhase;
			buildActionMask = 2147483647;
			files = (
			);
			runOnlyForDeploymentPostprocessing = 0;
		};
		F8DDE51F2178693D00534BB6 /* Frameworks */ = {
			isa = PBXFrameworksBuildPhase;
			buildActionMask = 2147483647;
			files = (
			);
			runOnlyForDeploymentPostprocessing = 0;
		};
		F8DDE52A2178693D00534BB6 /* Frameworks */ = {
			isa = PBXFrameworksBuildPhase;
			buildActionMask = 2147483647;
			files = (
			);
			runOnlyForDeploymentPostprocessing = 0;
		};
/* End PBXFrameworksBuildPhase section */

/* Begin PBXGroup section */
		F8DDE5052178693B00534BB6 = {
			isa = PBXGroup;
			children = (
				F8DDE5102178693B00534BB6 /* DouYu */,
				F8DDE5252178693D00534BB6 /* DouYuTests */,
				F8DDE5302178693D00534BB6 /* DouYuUITests */,
				F8DDE50F2178693B00534BB6 /* Products */,
			);
			sourceTree = "<group>";
		};
		F8DDE50F2178693B00534BB6 /* Products */ = {
			isa = PBXGroup;
			children = (
				F8DDE50E2178693B00534BB6 /* DouYu.app */,
				F8DDE5222178693D00534BB6 /* DouYuTests.xctest */,
				F8DDE52D2178693D00534BB6 /* DouYuUITests.xctest */,
			);
			name = Products;
			sourceTree = "<group>";
		};
		F8DDE5102178693B00534BB6 /* DouYu */ = {
			isa = PBXGroup;
			children = (
				F8DDE5112178693B00534BB6 /* AppDelegate.swift */,
				F8DDE5132178693B00534BB6 /* ViewController.swift */,
				F8DDE5152178693B00534BB6 /* Main.storyboard */,
				F8DDE5182178693D00534BB6 /* Assets.xcassets */,
				F8DDE51A2178693D00534BB6 /* LaunchScreen.storyboard */,
				F8DDE51D2178693D00534BB6 /* Info.plist */,
			);
			path = DouYu;
			sourceTree = "<group>";
		};
		F8DDE5252178693D00534BB6 /* DouYuTests */ = {
			isa = PBXGroup;
			children = (
				F8DDE5262178693D00534BB6 /* DouYuTests.swift */,
				F8DDE5282178693D00534BB6 /* Info.plist */,
			);
			path = DouYuTests;
			sourceTree = "<group>";
		};
		F8DDE5302178693D00534BB6 /* DouYuUITests */ = {
			isa = PBXGroup;
			children = (
				F8DDE5312178693D00534BB6 /* DouYuUITests.swift */,
				F8DDE5332178693D00534BB6 /* Info.plist */,
			);
			path = DouYuUITests;
			sourceTree = "<group>";
		};
/* End PBXGroup section */

/* Begin PBXNativeTarget section */
		F8DDE50D2178693B00534BB6 /* DouYu */ = {
			isa = PBXNativeTarget;
			buildConfigurationList = F8DDE5362178693D00534BB6 /* Build configuration list for PBXNativeTarget "DouYu" */;
			buildPhases = (
				F8DDE50A2178693B00534BB6 /* Sources */,
				F8DDE50B2178693B00534BB6 /* Frameworks */,
				F8DDE50C2178693B00534BB6 /* Resources */,
			);
			buildRules = (
			);
			dependencies = (
			);
			name = DouYu;
			productName = DouYu;
			productReference = F8DDE50E2178693B00534BB6 /* DouYu.app */;
			productType = "com.apple.product-type.application";
		};
		F8DDE5212178693D00534BB6 /* DouYuTests */ = {
			isa = PBXNativeTarget;
			buildConfigurationList = F8DDE5392178693D00534BB6 /* Build configuration list for PBXNativeTarget "DouYuTests" */;
			buildPhases = (
				F8DDE51E2178693D00534BB6 /* Sources */,
				F8DDE51F2178693D00534BB6 /* Frameworks */,
				F8DDE5202178693D00534BB6 /* Resources */,
			);
			buildRules = (
			);
			dependencies = (
				F8DDE5242178693D00534BB6 /* PBXTargetDependency */,
			);
			name = DouYuTests;
			productName = DouYuTests;
			productReference = F8DDE5222178693D00534BB6 /* DouYuTests.xctest */;
			productType = "com.apple.product-type.bundle.unit-test";
		};
		F8DDE52C2178693D00534BB6 /* DouYuUITests */ = {
			isa = PBXNativeTarget;
			buildConfigurationList = F8DDE53C2178693D00534BB6 /* Build configuration list for PBXNativeTarget "DouYuUITests" */;
			buildPhases = (
				F8DDE5292178693D00534BB6 /* Sources */,
				F8DDE52A2178693D00534BB6 /* Frameworks */,
				F8DDE52B2178693D00534BB6 /* Resources */,
			);
			buildRules = (
			);
			dependencies = (
				F8DDE52F2178693D00534BB6 /* PBXTargetDependency */,
			);
			name = DouYuUITests;
			productName = DouYuUITests;
			productReference = F8DDE52D2178693D00534BB6 /* DouYuUITests.xctest */;
			productType = "com.apple.product-type.bundle.ui-testing";
		};
/* End PBXNativeTarget section */

/* Begin PBXProject section */
		F8DDE5062178693B00534BB6 /* Project object */ = {
			isa = PBXProject;
			attributes = {
				LastSwiftUpdateCheck = 1000;
				LastUpgradeCheck = 1000;
				ORGANIZATIONNAME = "朱满营";
				TargetAttributes = {
					F8DDE50D2178693B00534BB6 = {
						CreatedOnToolsVersion = 10.0;
					};
					F8DDE5212178693D00534BB6 = {
						CreatedOnToolsVersion = 10.0;
						TestTargetID = F8DDE50D2178693B00534BB6;
					};
					F8DDE52C2178693D00534BB6 = {
						CreatedOnToolsVersion = 10.0;
						TestTargetID = F8DDE50D2178693B00534BB6;
					};
				};
			};
			buildConfigurationList = F8DDE5092178693B00534BB6 /* Build configuration list for PBXProject "DouYu" */;
			compatibilityVersion = "Xcode 9.3";
			developmentRegion = en;
			hasScannedForEncodings = 0;
			knownRegions = (
				en,
				Base,
			);
			mainGroup = F8DDE5052178693B00534BB6;
			productRefGroup = F8DDE50F2178693B00534BB6 /* Products */;
			projectDirPath = "";
			projectRoot = "";
			targets = (
				F8DDE50D2178693B00534BB6 /* DouYu */,
				F8DDE5212178693D00534BB6 /* DouYuTests */,
				F8DDE52C2178693D00534BB6 /* DouYuUITests */,
			);
		};
/* End PBXProject section */

/* Begin PBXResourcesBuildPhase section */
		F8DDE50C2178693B00534BB6 /* Resources */ = {
			isa = PBXResourcesBuildPhase;
			buildActionMask = 2147483647;
			files = (
				F8DDE51C2178693D00534BB6 /* LaunchScreen.storyboard in Resources */,
				F8DDE5192178693D00534BB6 /* Assets.xcassets in Resources */,
				F8DDE5172178693B00534BB6 /* Main.storyboard in Resources */,
			);
			runOnlyForDeploymentPostprocessing = 0;
		};
		F8DDE5202178693D00534BB6 /* Resources */ = {
			isa = PBXResourcesBuildPhase;
			buildActionMask = 2147483647;
			files = (
			);
			runOnlyForDeploymentPostprocessing = 0;
		};
		F8DDE52B2178693D00534BB6 /* Resources */ = {
			isa = PBXResourcesBuildPhase;
			buildActionMask = 2147483647;
			files = (
			);
			runOnlyForDeploymentPostprocessing = 0;
		};
/* End PBXResourcesBuildPhase section */

/* Begin PBXSourcesBuildPhase section */
		F8DDE50A2178693B00534BB6 /* Sources */ = {
			isa = PBXSourcesBuildPhase;
			buildActionMask = 2147483647;
			files = (
				F8DDE5142178693B00534BB6 /* ViewController.swift in Sources */,
				F8DDE5122178693B00534BB6 /* AppDelegate.swift in Sources */,
			);
			runOnlyForDeploymentPostprocessing = 0;
		};
		F8DDE51E2178693D00534BB6 /* Sources */ = {
			isa = PBXSourcesBuildPhase;
			buildActionMask = 2147483647;
			files = (
				F8DDE5272178693D00534BB6 /* DouYuTests.swift in Sources */,
			);
			runOnlyForDeploymentPostprocessing = 0;
		};
		F8DDE5292178693D00534BB6 /* Sources */ = {
			isa = PBXSourcesBuildPhase;
			buildActionMask = 2147483647;
			files = (
				F8DDE5322178693D00534BB6 /* DouYuUITests.swift in Sources */,
			);
			runOnlyForDeploymentPostprocessing = 0;
		};
/* End PBXSourcesBuildPhase section */

/* Begin PBXTargetDependency section */
		F8DDE5242178693D00534BB6 /* PBXTargetDependency */ = {
			isa = PBXTargetDependency;
			target = F8DDE50D2178693B00534BB6 /* DouYu */;
			targetProxy = F8DDE5232178693D00534BB6 /* PBXContainerItemProxy */;
		};
		F8DDE52F2178693D00534BB6 /* PBXTargetDependency */ = {
			isa = PBXTargetDependency;
			target = F8DDE50D2178693B00534BB6 /* DouYu */;
			targetProxy = F8DDE52E2178693D00534BB6 /* PBXContainerItemProxy */;
		};
/* End PBXTargetDependency section */

/* Begin PBXVariantGroup section */
		F8DDE5152178693B00534BB6 /* Main.storyboard */ = {
			isa = PBXVariantGroup;
			children = (
				F8DDE5162178693B00534BB6 /* Base */,
			);
			name = Main.storyboard;
			sourceTree = "<group>";
		};
		F8DDE51A2178693D00534BB6 /* LaunchScreen.storyboard */ = {
			isa = PBXVariantGroup;
			children = (
				F8DDE51B2178693D00534BB6 /* Base */,
			);
			name = LaunchScreen.storyboard;
			sourceTree = "<group>";
		};
/* End PBXVariantGroup section */

/* Begin XCBuildConfiguration section */
		F8DDE5342178693D00534BB6 /* Debug */ = {
			isa = XCBuildConfiguration;
			buildSettings = {
				ALWAYS_SEARCH_USER_PATHS = NO;
				CLANG_ANALYZER_NONNULL = YES;
				CLANG_ANALYZER_NUMBER_OBJECT_CONVERSION = YES_AGGRESSIVE;
				CLANG_CXX_LANGUAGE_STANDARD = "gnu++14";
				CLANG_CXX_LIBRARY = "libc++";
				CLANG_ENABLE_MODULES = YES;
				CLANG_ENABLE_OBJC_ARC = YES;
				CLANG_ENABLE_OBJC_WEAK = YES;
				CLANG_WARN_BLOCK_CAPTURE_AUTORELEASING = YES;
				CLANG_WARN_BOOL_CONVERSION = YES;
				CLANG_WARN_COMMA = YES;
				CLANG_WARN_CONSTANT_CONVERSION = YES;
				CLANG_WARN_DEPRECATED_OBJC_IMPLEMENTATIONS = YES;
				CLANG_WARN_DIRECT_OBJC_ISA_USAGE = YES_ERROR;
				CLANG_WARN_DOCUMENTATION_COMMENTS = YES;
				CLANG_WARN_EMPTY_BODY = YES;
				CLANG_WARN_ENUM_CONVERSION = YES;
				CLANG_WARN_INFINITE_RECURSION = YES;
				CLANG_WARN_INT_CONVERSION = YES;
				CLANG_WARN_NON_LITERAL_NULL_CONVERSION = YES;
				CLANG_WARN_OBJC_IMPLICIT_RETAIN_SELF = YES;
				CLANG_WARN_OBJC_LITERAL_CONVERSION = YES;
				CLANG_WARN_OBJC_ROOT_CLASS = YES_ERROR;
				CLANG_WARN_RANGE_LOOP_ANALYSIS = YES;
				CLANG_WARN_STRICT_PROTOTYPES = YES;
				CLANG_WARN_SUSPICIOUS_MOVE = YES;
				CLANG_WARN_UNGUARDED_AVAILABILITY = YES_AGGRESSIVE;
				CLANG_WARN_UNREACHABLE_CODE = YES;
				CLANG_WARN__DUPLICATE_METHOD_MATCH = YES;
				CODE_SIGN_IDENTITY = "iPhone Developer";
				COPY_PHASE_STRIP = NO;
				DEBUG_INFORMATION_FORMAT = dwarf;
				ENABLE_STRICT_OBJC_MSGSEND = YES;
				ENABLE_TESTABILITY = YES;
				GCC_C_LANGUAGE_STANDARD = gnu11;
				GCC_DYNAMIC_NO_PIC = NO;
				GCC_NO_COMMON_BLOCKS = YES;
				GCC_OPTIMIZATION_LEVEL = 0;
				GCC_PREPROCESSOR_DEFINITIONS = (
					"DEBUG=1",
					"$(inherited)",
				);
				GCC_WARN_64_TO_32_BIT_CONVERSION = YES;
				GCC_WARN_ABOUT_RETURN_TYPE = YES_ERROR;
				GCC_WARN_UNDECLARED_SELECTOR = YES;
				GCC_WARN_UNINITIALIZED_AUTOS = YES_AGGRESSIVE;
				GCC_WARN_UNUSED_FUNCTION = YES;
				GCC_WARN_UNUSED_VARIABLE = YES;
				IPHONEOS_DEPLOYMENT_TARGET = 12.0;
				MTL_ENABLE_DEBUG_INFO = INCLUDE_SOURCE;
				MTL_FAST_MATH = YES;
				ONLY_ACTIVE_ARCH = YES;
				SDKROOT = iphoneos;
				SWIFT_ACTIVE_COMPILATION_CONDITIONS = DEBUG;
				SWIFT_OPTIMIZATION_LEVEL = "-Onone";
			};
			name = Debug;
		};
		F8DDE5352178693D00534BB6 /* Release */ = {
			isa = XCBuildConfiguration;
			buildSettings = {
				ALWAYS_SEARCH_USER_PATHS = NO;
				CLANG_ANALYZER_NONNULL = YES;
				CLANG_ANALYZER_NUMBER_OBJECT_CONVERSION = YES_AGGRESSIVE;
				CLANG_CXX_LANGUAGE_STANDARD = "gnu++14";
				CLANG_CXX_LIBRARY = "libc++";
				CLANG_ENABLE_MODULES = YES;
				CLANG_ENABLE_OBJC_ARC = YES;
				CLANG_ENABLE_OBJC_WEAK = YES;
				CLANG_WARN_BLOCK_CAPTURE_AUTORELEASING = YES;
				CLANG_WARN_BOOL_CONVERSION = YES;
				CLANG_WARN_COMMA = YES;
				CLANG_WARN_CONSTANT_CONVERSION = YES;
				CLANG_WARN_DEPRECATED_OBJC_IMPLEMENTATIONS = YES;
				CLANG_WARN_DIRECT_OBJC_ISA_USAGE = YES_ERROR;
				CLANG_WARN_DOCUMENTATION_COMMENTS = YES;
				CLANG_WARN_EMPTY_BODY = YES;
				CLANG_WARN_ENUM_CONVERSION = YES;
				CLANG_WARN_INFINITE_RECURSION = YES;
				CLANG_WARN_INT_CONVERSION = YES;
				CLANG_WARN_NON_LITERAL_NULL_CONVERSION = YES;
				CLANG_WARN_OBJC_IMPLICIT_RETAIN_SELF = YES;
				CLANG_WARN_OBJC_LITERAL_CONVERSION = YES;
				CLANG_WARN_OBJC_ROOT_CLASS = YES_ERROR;
				CLANG_WARN_RANGE_LOOP_ANALYSIS = YES;
				CLANG_WARN_STRICT_PROTOTYPES = YES;
				CLANG_WARN_SUSPICIOUS_MOVE = YES;
				CLANG_WARN_UNGUARDED_AVAILABILITY = YES_AGGRESSIVE;
				CLANG_WARN_UNREACHABLE_CODE = YES;
				CLANG_WARN__DUPLICATE_METHOD_MATCH = YES;
				CODE_SIGN_IDENTITY = "iPhone Developer";
				COPY_PHASE_STRIP = NO;
				DEBUG_INFORMATION_FORMAT = "dwarf-with-dsym";
				ENABLE_NS_ASSERTIONS = NO;
				ENABLE_STRICT_OBJC_MSGSEND = YES;
				GCC_C_LANGUAGE_STANDARD = gnu11;
				GCC_NO_COMMON_BLOCKS = YES;
				GCC_WARN_64_TO_32_BIT_CONVERSION = YES;
				GCC_WARN_ABOUT_RETURN_TYPE = YES_ERROR;
				GCC_WARN_UNDECLARED_SELECTOR = YES;
				GCC_WARN_UNINITIALIZED_AUTOS = YES_AGGRESSIVE;
				GCC_WARN_UNUSED_FUNCTION = YES;
				GCC_WARN_UNUSED_VARIABLE = YES;
				IPHONEOS_DEPLOYMENT_TARGET = 12.0;
				MTL_ENABLE_DEBUG_INFO = NO;
				MTL_FAST_MATH = YES;
				SDKROOT = iphoneos;
				SWIFT_COMPILATION_MODE = wholemodule;
				SWIFT_OPTIMIZATION_LEVEL = "-O";
				VALIDATE_PRODUCT = YES;
			};
			name = Release;
		};
		F8DDE5372178693D00534BB6 /* Debug */ = {
			isa = XCBuildConfiguration;
			buildSettings = {
				ASSETCATALOG_COMPILER_APPICON_NAME = AppIcon;
				ASSETCATALOG_COMPILER_LAUNCHIMAGE_NAME = LaunchImage;
				CODE_SIGN_STYLE = Automatic;
				DEVELOPMENT_TEAM = 73WYEZCFSM;
				INFOPLIST_FILE = DouYu/Info.plist;
				IPHONEOS_DEPLOYMENT_TARGET = 9.0;
				LD_RUNPATH_SEARCH_PATHS = (
					"$(inherited)",
					"@executable_path/Frameworks",
				);
				PRODUCT_BUNDLE_IDENTIFIER = com.zmy.profuct.DouYu;
				PRODUCT_NAME = "$(TARGET_NAME)";
				SWIFT_VERSION = 4.2;
				TARGETED_DEVICE_FAMILY = "1,2";
			};
			name = Debug;
		};
		F8DDE5382178693D00534BB6 /* Release */ = {
			isa = XCBuildConfiguration;
			buildSettings = {
				ASSETCATALOG_COMPILER_APPICON_NAME = AppIcon;
				ASSETCATALOG_COMPILER_LAUNCHIMAGE_NAME = LaunchImage;
				CODE_SIGN_STYLE = Automatic;
				DEVELOPMENT_TEAM = 73WYEZCFSM;
				INFOPLIST_FILE = DouYu/Info.plist;
				IPHONEOS_DEPLOYMENT_TARGET = 9.0;
				LD_RUNPATH_SEARCH_PATHS = (
					"$(inherited)",
					"@executable_path/Frameworks",
				);
				PRODUCT_BUNDLE_IDENTIFIER = com.zmy.profuct.DouYu;
				PRODUCT_NAME = "$(TARGET_NAME)";
				SWIFT_VERSION = 4.2;
				TARGETED_DEVICE_FAMILY = "1,2";
			};
			name = Release;
		};
		F8DDE53A2178693D00534BB6 /* Debug */ = {
			isa = XCBuildConfiguration;
			buildSettings = {
				ALWAYS_EMBED_SWIFT_STANDARD_LIBRARIES = YES;
				BUNDLE_LOADER = "$(TEST_HOST)";
				CODE_SIGN_STYLE = Automatic;
				DEVELOPMENT_TEAM = 73WYEZCFSM;
				INFOPLIST_FILE = DouYuTests/Info.plist;
				LD_RUNPATH_SEARCH_PATHS = (
					"$(inherited)",
					"@executable_path/Frameworks",
					"@loader_path/Frameworks",
				);
				PRODUCT_BUNDLE_IDENTIFIER = com.zmy.profuct.DouYuTests;
				PRODUCT_NAME = "$(TARGET_NAME)";
				SWIFT_VERSION = 4.2;
				TARGETED_DEVICE_FAMILY = "1,2";
				TEST_HOST = "$(BUILT_PRODUCTS_DIR)/DouYu.app/DouYu";
			};
			name = Debug;
		};
		F8DDE53B2178693D00534BB6 /* Release */ = {
			isa = XCBuildConfiguration;
			buildSettings = {
				ALWAYS_EMBED_SWIFT_STANDARD_LIBRARIES = YES;
				BUNDLE_LOADER = "$(TEST_HOST)";
				CODE_SIGN_STYLE = Automatic;
				DEVELOPMENT_TEAM = 73WYEZCFSM;
				INFOPLIST_FILE = DouYuTests/Info.plist;
				LD_RUNPATH_SEARCH_PATHS = (
					"$(inherited)",
					"@executable_path/Frameworks",
					"@loader_path/Frameworks",
				);
				PRODUCT_BUNDLE_IDENTIFIER = com.zmy.profuct.DouYuTests;
				PRODUCT_NAME = "$(TARGET_NAME)";
				SWIFT_VERSION = 4.2;
				TARGETED_DEVICE_FAMILY = "1,2";
				TEST_HOST = "$(BUILT_PRODUCTS_DIR)/DouYu.app/DouYu";
			};
			name = Release;
		};
		F8DDE53D2178693D00534BB6 /* Debug */ = {
			isa = XCBuildConfiguration;
			buildSettings = {
				ALWAYS_EMBED_SWIFT_STANDARD_LIBRARIES = YES;
				CODE_SIGN_STYLE = Automatic;
				DEVELOPMENT_TEAM = 73WYEZCFSM;
				INFOPLIST_FILE = DouYuUITests/Info.plist;
				LD_RUNPATH_SEARCH_PATHS = (
					"$(inherited)",
					"@executable_path/Frameworks",
					"@loader_path/Frameworks",
				);
				PRODUCT_BUNDLE_IDENTIFIER = com.zmy.profuct.DouYuUITests;
				PRODUCT_NAME = "$(TARGET_NAME)";
				SWIFT_VERSION = 4.2;
				TARGETED_DEVICE_FAMILY = "1,2";
				TEST_TARGET_NAME = DouYu;
			};
			name = Debug;
		};
		F8DDE53E2178693D00534BB6 /* Release */ = {
			isa = XCBuildConfiguration;
			buildSettings = {
				ALWAYS_EMBED_SWIFT_STANDARD_LIBRARIES = YES;
				CODE_SIGN_STYLE = Automatic;
				DEVELOPMENT_TEAM = 73WYEZCFSM;
				INFOPLIST_FILE = DouYuUITests/Info.plist;
				LD_RUNPATH_SEARCH_PATHS = (
					"$(inherited)",
					"@executable_path/Frameworks",
					"@loader_path/Frameworks",
				);
				PRODUCT_BUNDLE_IDENTIFIER = com.zmy.profuct.DouYuUITests;
				PRODUCT_NAME = "$(TARGET_NAME)";
				SWIFT_VERSION = 4.2;
				TARGETED_DEVICE_FAMILY = "1,2";
				TEST_TARGET_NAME = DouYu;
			};
			name = Release;
		};
/* End XCBuildConfiguration section */

/* Begin XCConfigurationList section */
		F8DDE5092178693B00534BB6 /* Build configuration list for PBXProject "DouYu" */ = {
			isa = XCConfigurationList;
			buildConfigurations = (
				F8DDE5342178693D00534BB6 /* Debug */,
				F8DDE5352178693D00534BB6 /* Release */,
			);
			defaultConfigurationIsVisible = 0;
			defaultConfigurationName = Release;
		};
		F8DDE5362178693D00534BB6 /* Build configuration list for PBXNativeTarget "DouYu" */ = {
			isa = XCConfigurationList;
			buildConfigurations = (
				F8DDE5372178693D00534BB6 /* Debug */,
				F8DDE5382178693D00534BB6 /* Release */,
			);
			defaultConfigurationIsVisible = 0;
			defaultConfigurationName = Release;
		};
		F8DDE5392178693D00534BB6 /* Build configuration list for PBXNativeTarget "DouYuTests" */ = {
			isa = XCConfigurationList;
			buildConfigurations = (
				F8DDE53A2178693D00534BB6 /* Debug */,
				F8DDE53B2178693D00534BB6 /* Release */,
			);
			defaultConfigurationIsVisible = 0;
			defaultConfigurationName = Release;
		};
		F8DDE53C2178693D00534BB6 /* Build configuration list for PBXNativeTarget "DouYuUITests" */ = {
			isa = XCConfigurationList;
			buildConfigurations = (
				F8DDE53D2178693D00534BB6 /* Debug */,
				F8DDE53E2178693D00534BB6 /* Release */,
			);
			defaultConfigurationIsVisible = 0;
			defaultConfigurationName = Release;
		};
/* End XCConfigurationList section */
	};
	rootObject = F8DDE5062178693B00534BB6 /* Project object */;
}
